
Microsoft Visual Studio Solution File, Format Version 12.00
# Visual Studio Version 17
VisualStudioVersion = 17.0.31903.59
MinimumVisualStudioVersion = 10.0.40219.1
Project("{2150E333-8FDC-42A3-9474-1A3956D46DE8}") = "src", "src", "{F02B3705-3F6D-4B35-98D7-62E6A1E84E8C}"
EndProject
Project("{FAE04EC0-301F-11D3-BF4B-00C04F79EFBC}") = "Lesson1", "src\Lesson1\Lesson1.csproj", "{335D3A57-E170-4B40-B8EB-D4FE9BFDBEE7}"
EndProject
Project("{FAE04EC0-301F-11D3-BF4B-00C04F79EFBC}") = "Lesson2", "src\Lesson2\Lesson2.csproj", "{6F2D8A51-2251-4C03-BC1F-E2343E7C5EED}"
EndProject
Project("{FAE04EC0-301F-11D3-BF4B-00C04F79EFBC}") = "Lesson3", "src\Lesson3\Lesson3.csproj", "{0EBE4205-8B0C-42C0-99BC-B796BCDC6A0A}"
EndProject
Project("{FAE04EC0-301F-11D3-BF4B-00C04F79EFBC}") = "Lesson4", "src\Lesson4\Lesson4.csproj", "{5CB91B50-A5A0-498B-9377-0377E771DE12}"
EndProject
Project("{FAE04EC0-301F-11D3-BF4B-00C04F79EFBC}") = "Lesson5", "src\Lesson5\Lesson5.csproj", "{1A299EFB-7FA6-4DDB-B81A-73105DEEA3E8}"
EndProject
Project("{FAE04EC0-301F-11D3-BF4B-00C04F79EFBC}") = "Lesson6", "src\Lesson6\Lesson6.csproj", "{8AE4EEE2-CEB6-4CBD-9CC7-03F75BD772DE}"
EndProject
Project("{FAE04EC0-301F-11D3-BF4B-00C04F79EFBC}") = "Lesson7", "src\Lesson7\Lesson7.csproj", "{BCA391C5-E096-4F90-B0B2-0EDE308A07D8}"
EndProject
Project("{FAE04EC0-301F-11D3-BF4B-00C04F79EFBC}") = "Lesson8", "src\Lesson8\Lesson8.csproj", "{C89A38DB-381B-4590-B175-34A726FCB771}"
EndProject
Project("{FAE04EC0-301F-11D3-BF4B-00C04F79EFBC}") = "Lesson9", "src\Lesson9\Lesson9.csproj", "{334025A0-6783-4C9F-9D8C-C722AACF8E88}"
EndProject
Global
	GlobalSection(SolutionConfigurationPlatforms) = preSolution
		Debug|Any CPU = Debug|Any CPU
		Release|Any CPU = Release|Any CPU
	EndGlobalSection
	GlobalSection(SolutionProperties) = preSolution
		HideSolutionNode = FALSE
	EndGlobalSection
	GlobalSection(ProjectConfigurationPlatforms) = postSolution
		{335D3A57-E170-4B40-B8EB-D4FE9BFDBEE7}.Debug|Any CPU.ActiveCfg = Debug|Any CPU
		{335D3A57-E170-4B40-B8EB-D4FE9BFDBEE7}.Debug|Any CPU.Build.0 = Debug|Any CPU
		{335D3A57-E170-4B40-B8EB-D4FE9BFDBEE7}.Release|Any CPU.ActiveCfg = Release|Any CPU
		{335D3A57-E170-4B40-B8EB-D4FE9BFDBEE7}.Release|Any CPU.Build.0 = Release|Any CPU
		{6F2D8A51-2251-4C03-BC1F-E2343E7C5EED}.Debug|Any CPU.ActiveCfg = Debug|Any CPU
		{6F2D8A51-2251-4C03-BC1F-E2343E7C5EED}.Debug|Any CPU.Build.0 = Debug|Any CPU
		{6F2D8A51-2251-4C03-BC1F-E2343E7C5EED}.Release|Any CPU.ActiveCfg = Release|Any CPU
		{6F2D8A51-2251-4C03-BC1F-E2343E7C5EED}.Release|Any CPU.Build.0 = Release|Any CPU
		{0EBE4205-8B0C-42C0-99BC-B796BCDC6A0A}.Debug|Any CPU.ActiveCfg = Debug|Any CPU
		{0EBE4205-8B0C-42C0-99BC-B796BCDC6A0A}.Debug|Any CPU.Build.0 = Debug|Any CPU
		{0EBE4205-8B0C-42C0-99BC-B796BCDC6A0A}.Release|Any CPU.ActiveCfg = Release|Any CPU
		{0EBE4205-8B0C-42C0-99BC-B796BCDC6A0A}.Release|Any CPU.Build.0 = Release|Any CPU
		{5CB91B50-A5A0-498B-9377-0377E771DE12}.Debug|Any CPU.ActiveCfg = Debug|Any CPU
		{5CB91B50-A5A0-498B-9377-0377E771DE12}.Debug|Any CPU.Build.0 = Debug|Any CPU
		{5CB91B50-A5A0-498B-9377-0377E771DE12}.Release|Any CPU.ActiveCfg = Release|Any CPU
		{5CB91B50-A5A0-498B-9377-0377E771DE12}.Release|Any CPU.Build.0 = Release|Any CPU
		{1A299EFB-7FA6-4DDB-B81A-73105DEEA3E8}.Debug|Any CPU.ActiveCfg = Debug|Any CPU
		{1A299EFB-7FA6-4DDB-B81A-73105DEEA3E8}.Debug|Any CPU.Build.0 = Debug|Any CPU
		{1A299EFB-7FA6-4DDB-B81A-73105DEEA3E8}.Release|Any CPU.ActiveCfg = Release|Any CPU
		{1A299EFB-7FA6-4DDB-B81A-73105DEEA3E8}.Release|Any CPU.Build.0 = Release|Any CPU
		{8AE4EEE2-CEB6-4CBD-9CC7-03F75BD772DE}.Debug|Any CPU.ActiveCfg = Debug|Any CPU
		{8AE4EEE2-CEB6-4CBD-9CC7-03F75BD772DE}.Debug|Any CPU.Build.0 = Debug|Any CPU
		{8AE4EEE2-CEB6-4CBD-9CC7-03F75BD772DE}.Release|Any CPU.ActiveCfg = Release|Any CPU
		{8AE4EEE2-CEB6-4CBD-9CC7-03F75BD772DE}.Release|Any CPU.Build.0 = Release|Any CPU
		{BCA391C5-E096-4F90-B0B2-0EDE308A07D8}.Debug|Any CPU.ActiveCfg = Debug|Any CPU
		{BCA391C5-E096-4F90-B0B2-0EDE308A07D8}.Debug|Any CPU.Build.0 = Debug|Any CPU
		{BCA391C5-E096-4F90-B0B2-0EDE308A07D8}.Release|Any CPU.ActiveCfg = Release|Any CPU
		{BCA391C5-E096-4F90-B0B2-0EDE308A07D8}.Release|Any CPU.Build.0 = Release|Any CPU
		{C89A38DB-381B-4590-B175-34A726FCB771}.Debug|Any CPU.ActiveCfg = Debug|Any CPU
		{C89A38DB-381B-4590-B175-34A726FCB771}.Debug|Any CPU.Build.0 = Debug|Any CPU
		{C89A38DB-381B-4590-B175-34A726FCB771}.Release|Any CPU.ActiveCfg = Release|Any CPU
		{C89A38DB-381B-4590-B175-34A726FCB771}.Release|Any CPU.Build.0 = Release|Any CPU
		{334025A0-6783-4C9F-9D8C-C722AACF8E88}.Debug|Any CPU.ActiveCfg = Debug|Any CPU
		{334025A0-6783-4C9F-9D8C-C722AACF8E88}.Debug|Any CPU.Build.0 = Debug|Any CPU
		{334025A0-6783-4C9F-9D8C-C722AACF8E88}.Release|Any CPU.ActiveCfg = Release|Any CPU
		{334025A0-6783-4C9F-9D8C-C722AACF8E88}.Release|Any CPU.Build.0 = Release|Any CPU
	EndGlobalSection
	GlobalSection(NestedProjects) = preSolution
		{335D3A57-E170-4B40-B8EB-D4FE9BFDBEE7} = {F02B3705-3F6D-4B35-98D7-62E6A1E84E8C}
		{6F2D8A51-2251-4C03-BC1F-E2343E7C5EED} = {F02B3705-3F6D-4B35-98D7-62E6A1E84E8C}
		{0EBE4205-8B0C-42C0-99BC-B796BCDC6A0A} = {F02B3705-3F6D-4B35-98D7-62E6A1E84E8C}
		{5CB91B50-A5A0-498B-9377-0377E771DE12} = {F02B3705-3F6D-4B35-98D7-62E6A1E84E8C}
		{1A299EFB-7FA6-4DDB-B81A-73105DEEA3E8} = {F02B3705-3F6D-4B35-98D7-62E6A1E84E8C}
		{8AE4EEE2-CEB6-4CBD-9CC7-03F75BD772DE} = {F02B3705-3F6D-4B35-98D7-62E6A1E84E8C}
		{BCA391C5-E096-4F90-B0B2-0EDE308A07D8} = {F02B3705-3F6D-4B35-98D7-62E6A1E84E8C}
		{C89A38DB-381B-4590-B175-34A726FCB771} = {F02B3705-3F6D-4B35-98D7-62E6A1E84E8C}
		{334025A0-6783-4C9F-9D8C-C722AACF8E88} = {F02B3705-3F6D-4B35-98D7-62E6A1E84E8C}
	EndGlobalSection
EndGlobal
